{
  "version": 4,
  "terraform_version": "1.12.2",
  "serial": 21,
  "lineage": "5b97017f-af28-5909-837e-357848b2ee8b",
  "outputs": {},
  "resources": [
    {
      "mode": "managed",
      "type": "akamai_dns_record",
      "name": "bunker_A",
      "provider": "provider[\"registry.terraform.io/akamai/akamai\"]",
      "instances": [
        {
          "schema_version": 0,
          "attributes": {
            "algorithm": null,
            "answer_type": null,
            "certificate": null,
            "digest": null,
            "digest_type": null,
            "dns_name": null,
            "email_address": null,
            "expiration": null,
            "expiry": null,
            "fingerprint": null,
            "fingerprint_type": null,
            "flags": null,
            "flagsnaptr": null,
            "hardware": null,
            "id": "jodie.yinpok.com#test3-bunker.jodie.yinpok.com#A",
            "inception": null,
            "iterations": null,
            "key": null,
            "keytag": null,
            "labels": null,
            "mailbox": null,
            "match_type": null,
            "name": "test3-bunker.jodie.yinpok.com",
            "name_server": null,
            "next_hashed_owner_name": null,
            "nxdomain_ttl": null,
            "order": null,
            "original_ttl": null,
            "port": null,
            "preference": null,
            "priority": null,
            "priority_increment": null,
            "protocol": null,
            "record_sha": "e2a5fdd6bafaf739891b270625f3fa6e26a6fe83",
            "recordtype": "A",
            "refresh": null,
            "regexp": null,
            "replacement": null,
            "retry": null,
            "salt": null,
            "selector": null,
            "serial": null,
            "service": null,
            "signature": null,
            "signer": null,
            "software": null,
            "subtype": null,
            "svc_params": null,
            "svc_priority": null,
            "target": [
              "172.104.56.172"
            ],
            "target_name": null,
            "ttl": 60,
            "txt": null,
            "type_bitmaps": null,
            "type_covered": null,
            "type_mnemonic": null,
            "type_value": null,
            "usage": null,
            "weight": null,
            "zone": "jodie.yinpok.com"
          },
          "sensitive_attributes": [],
          "identity_schema_version": 0,
          "private": "bnVsbA==",
          "dependencies": [
            "linode_instance.bunkerweb",
            "linode_instance.dvwa-linode2"
          ]
        }
      ]
    },
    {
      "mode": "managed",
      "type": "linode_instance",
      "name": "bunkerweb",
      "provider": "provider[\"registry.terraform.io/linode/linode\"]",
      "instances": [
        {
          "schema_version": 0,
          "attributes": {
            "alerts": [
              {
                "cpu": 180,
                "io": 10000,
                "network_in": 10,
                "network_out": 10,
                "transfer_quota": 80
              }
            ],
            "authorized_keys": [
              "ssh-rsa AAAAB3NzaC1yc2EAAAADAQABAAACAQDqEAIcgEzeH7WkmJ8MIuYmNkwrQLEQs5rVS3LxgOfw+bvDt71da+Lq3pOfmBh8xaNfoYRCptcKrAw/Rpt3fPdvAB2Oat0f+vfCDkTQpvOdOCnLDymrZUI1djTim7g5YinJb5W9WRwp+Yg9aPaugaRCvfmLfi9NjfyPZRhFkFMx0DIgx4a3uKs0sKxaHfcC3dYZLoGTON7ctlTOczf1zKT2j8kNCsbXbRhrFGx7WB7kwgKAqVmb+AOZjh7Lpa8wuAEn6UH6ur2vmefiZn4yufZ9LxYOfDO3cTNDPAeJt1SzrUF9rqbtDzNOkD3HdjY4FiWrMn8Z2iLL966SMJmFtpt6W78AxEC2B+/cKtYWj10XYYQ8ShVvWRO2xOuojI7lWogENYnP80hYeXHvHv0dWf6bENJumxyHntRa5VJq917rPQJRj0aLYFu3MY50Pwu5p4OcDNtnP7dhHyF7mlVj8QkiN3J/tsqbQM4SpBPU2ndC/yyDT0L2mpssjko8aLCS7bG7gjeWAjk4FBhIB24Y29g9L28aCh0sQSlP4Tg4YKZ5uKm4DoKIsfP8koX7mTw60Z5qZvXK1FzUz+2799+jHZA7f1CYdsVJU8vubKoU+phlYbIl6AlOsMyBhQk7fDJjEPKNXptbK6qOjmBUj8aIF4meGZZSUZqPfmBDIuV7tQ0Zcw== jlimzhuo@sin-wpua8"
            ],
            "authorized_users": null,
            "backup_id": null,
            "backups": [
              {
                "available": false,
                "enabled": false,
                "schedule": [
                  {
                    "day": "",
                    "window": ""
                  }
                ]
              }
            ],
            "backups_enabled": false,
            "boot_config_label": "My Ubuntu 24.04 LTS Disk Profile",
            "booted": true,
            "capabilities": [],
            "config": [
              {
                "comments": "",
                "devices": [
                  {
                    "sda": [
                      {
                        "disk_id": 158156555,
                        "disk_label": "Ubuntu 24.04 LTS Disk",
                        "volume_id": 0
                      }
                    ],
                    "sdb": [
                      {
                        "disk_id": 158156556,
                        "disk_label": "1024 MB Swap Image",
                        "volume_id": 0
                      }
                    ],
                    "sdc": [],
                    "sdd": [],
                    "sde": [],
                    "sdf": [],
                    "sdg": [],
                    "sdh": []
                  }
                ],
                "helpers": [
                  {
                    "devtmpfs_automount": true,
                    "distro": true,
                    "modules_dep": true,
                    "network": true,
                    "updatedb_disabled": true
                  }
                ],
                "id": 85731844,
                "interface": [],
                "kernel": "linode/grub2",
                "label": "My Ubuntu 24.04 LTS Disk Profile",
                "memory_limit": 0,
                "root_device": "/dev/sda",
                "run_level": "default",
                "virt_mode": "paravirt"
              }
            ],
            "disk": [
              {
                "authorized_keys": [],
                "authorized_users": [],
                "filesystem": "ext4",
                "id": 158156555,
                "image": "",
                "label": "Ubuntu 24.04 LTS Disk",
                "read_only": false,
                "root_pass": "",
                "size": 80896,
                "stackscript_data": {},
                "stackscript_id": 0
              },
              {
                "authorized_keys": [],
                "authorized_users": [],
                "filesystem": "swap",
                "id": 158156556,
                "image": "",
                "label": "1024 MB Swap Image",
                "read_only": false,
                "root_pass": "",
                "size": 1024,
                "stackscript_data": {},
                "stackscript_id": 0
              }
            ],
            "disk_encryption": "enabled",
            "firewall_id": null,
            "group": "",
            "has_user_data": false,
            "host_uuid": "41fbfff0f04789d080220bfa3e36b0f43a180509",
            "id": "82269806",
            "image": "linode/ubuntu24.04",
            "interface": [],
            "ip_address": "172.104.56.172",
            "ipv4": [
              "172.104.56.172"
            ],
            "ipv6": "2400:8901::2000:acff:fe12:b09f/128",
            "label": "bunkerweb",
            "lke_cluster_id": 0,
            "metadata": [],
            "migration_type": "cold",
            "placement_group": [],
            "placement_group_externally_managed": null,
            "private_ip": false,
            "private_ip_address": null,
            "region": "ap-south",
            "resize_disk": false,
            "root_pass": "O9fSGGWD40CpFo+bmabBv+qnCBoCzrMvt4KXqcq6NYbJU0Ftk45Qp8Yr+S3P19W83FNiikEnVvdMdIjDYu7LYg==",
            "shared_ipv4": [],
            "specs": [
              {
                "accelerated_devices": 0,
                "disk": 81920,
                "gpus": 0,
                "memory": 4096,
                "transfer": 4000,
                "vcpus": 2
              }
            ],
            "stackscript_data": null,
            "stackscript_id": null,
            "status": "running",
            "swap_size": 1024,
            "tags": [],
            "timeouts": null,
            "type": "g6-dedicated-2",
            "watchdog_enabled": true
          },
          "sensitive_attributes": [
            [
              {
                "type": "get_attr",
                "value": "disk"
              },
              {
                "type": "index",
                "value": {
                  "value": 0,
                  "type": "number"
                }
              },
              {
                "type": "get_attr",
                "value": "root_pass"
              }
            ],
            [
              {
                "type": "get_attr",
                "value": "disk"
              },
              {
                "type": "index",
                "value": {
                  "value": 0,
                  "type": "number"
                }
              },
              {
                "type": "get_attr",
                "value": "stackscript_data"
              }
            ],
            [
              {
                "type": "get_attr",
                "value": "disk"
              },
              {
                "type": "index",
                "value": {
                  "value": 1,
                  "type": "number"
                }
              },
              {
                "type": "get_attr",
                "value": "root_pass"
              }
            ],
            [
              {
                "type": "get_attr",
                "value": "disk"
              },
              {
                "type": "index",
                "value": {
                  "value": 1,
                  "type": "number"
                }
              },
              {
                "type": "get_attr",
                "value": "stackscript_data"
              }
            ],
            [
              {
                "type": "get_attr",
                "value": "root_pass"
              }
            ],
            [
              {
                "type": "get_attr",
                "value": "stackscript_data"
              }
            ]
          ],
          "identity_schema_version": 0,
          "private": "eyJlMmJmYjczMC1lY2FhLTExZTYtOGY4OC0zNDM2M2JjN2M0YzAiOnsiY3JlYXRlIjo5MDAwMDAwMDAwMDAsImRlbGV0ZSI6NjAwMDAwMDAwMDAwLCJ1cGRhdGUiOjM2MDAwMDAwMDAwMDB9fQ==",
          "dependencies": [
            "linode_instance.dvwa-linode2"
          ]
        }
      ]
    },
    {
      "mode": "managed",
      "type": "linode_instance",
      "name": "dvwa-linode2",
      "provider": "provider[\"registry.terraform.io/linode/linode\"]",
      "instances": [
        {
          "schema_version": 0,
          "attributes": {
            "alerts": [
              {
                "cpu": 180,
                "io": 10000,
                "network_in": 10,
                "network_out": 10,
                "transfer_quota": 80
              }
            ],
            "authorized_keys": [
              "ssh-rsa AAAAB3NzaC1yc2EAAAADAQABAAACAQDqEAIcgEzeH7WkmJ8MIuYmNkwrQLEQs5rVS3LxgOfw+bvDt71da+Lq3pOfmBh8xaNfoYRCptcKrAw/Rpt3fPdvAB2Oat0f+vfCDkTQpvOdOCnLDymrZUI1djTim7g5YinJb5W9WRwp+Yg9aPaugaRCvfmLfi9NjfyPZRhFkFMx0DIgx4a3uKs0sKxaHfcC3dYZLoGTON7ctlTOczf1zKT2j8kNCsbXbRhrFGx7WB7kwgKAqVmb+AOZjh7Lpa8wuAEn6UH6ur2vmefiZn4yufZ9LxYOfDO3cTNDPAeJt1SzrUF9rqbtDzNOkD3HdjY4FiWrMn8Z2iLL966SMJmFtpt6W78AxEC2B+/cKtYWj10XYYQ8ShVvWRO2xOuojI7lWogENYnP80hYeXHvHv0dWf6bENJumxyHntRa5VJq917rPQJRj0aLYFu3MY50Pwu5p4OcDNtnP7dhHyF7mlVj8QkiN3J/tsqbQM4SpBPU2ndC/yyDT0L2mpssjko8aLCS7bG7gjeWAjk4FBhIB24Y29g9L28aCh0sQSlP4Tg4YKZ5uKm4DoKIsfP8koX7mTw60Z5qZvXK1FzUz+2799+jHZA7f1CYdsVJU8vubKoU+phlYbIl6AlOsMyBhQk7fDJjEPKNXptbK6qOjmBUj8aIF4meGZZSUZqPfmBDIuV7tQ0Zcw== jlimzhuo@sin-wpua8"
            ],
            "authorized_users": null,
            "backup_id": null,
            "backups": [
              {
                "available": false,
                "enabled": false,
                "schedule": [
                  {
                    "day": "",
                    "window": ""
                  }
                ]
              }
            ],
            "backups_enabled": false,
            "boot_config_label": "My Ubuntu 24.04 LTS Disk Profile",
            "booted": true,
            "capabilities": [],
            "config": [
              {
                "comments": "",
                "devices": [
                  {
                    "sda": [
                      {
                        "disk_id": 158156394,
                        "disk_label": "Ubuntu 24.04 LTS Disk",
                        "volume_id": 0
                      }
                    ],
                    "sdb": [
                      {
                        "disk_id": 158156395,
                        "disk_label": "1024 MB Swap Image",
                        "volume_id": 0
                      }
                    ],
                    "sdc": [],
                    "sdd": [],
                    "sde": [],
                    "sdf": [],
                    "sdg": [],
                    "sdh": []
                  }
                ],
                "helpers": [
                  {
                    "devtmpfs_automount": true,
                    "distro": true,
                    "modules_dep": true,
                    "network": true,
                    "updatedb_disabled": true
                  }
                ],
                "id": 85731738,
                "interface": [],
                "kernel": "linode/grub2",
                "label": "My Ubuntu 24.04 LTS Disk Profile",
                "memory_limit": 0,
                "root_device": "/dev/sda",
                "run_level": "default",
                "virt_mode": "paravirt"
              }
            ],
            "disk": [
              {
                "authorized_keys": [],
                "authorized_users": [],
                "filesystem": "ext4",
                "id": 158156394,
                "image": "",
                "label": "Ubuntu 24.04 LTS Disk",
                "read_only": false,
                "root_pass": "",
                "size": 80896,
                "stackscript_data": {},
                "stackscript_id": 0
              },
              {
                "authorized_keys": [],
                "authorized_users": [],
                "filesystem": "swap",
                "id": 158156395,
                "image": "",
                "label": "1024 MB Swap Image",
                "read_only": false,
                "root_pass": "",
                "size": 1024,
                "stackscript_data": {},
                "stackscript_id": 0
              }
            ],
            "disk_encryption": "enabled",
            "firewall_id": null,
            "group": "",
            "has_user_data": false,
            "host_uuid": "4e703ef8f7d9728717feda9ba34cf43d1befc1fc",
            "id": "82269706",
            "image": "linode/ubuntu24.04",
            "interface": [],
            "ip_address": "172.104.56.145",
            "ipv4": [
              "172.104.56.145"
            ],
            "ipv6": "2400:8901::2000:5dff:fec9:ab53/128",
            "label": "dvwa2",
            "lke_cluster_id": 0,
            "metadata": [],
            "migration_type": "cold",
            "placement_group": [],
            "placement_group_externally_managed": null,
            "private_ip": false,
            "private_ip_address": null,
            "region": "ap-south",
            "resize_disk": false,
            "root_pass": "O9fSGGWD40CpFo+bmabBv+qnCBoCzrMvt4KXqcq6NYbJU0Ftk45Qp8Yr+S3P19W83FNiikEnVvdMdIjDYu7LYg==",
            "shared_ipv4": [],
            "specs": [
              {
                "accelerated_devices": 0,
                "disk": 81920,
                "gpus": 0,
                "memory": 4096,
                "transfer": 4000,
                "vcpus": 2
              }
            ],
            "stackscript_data": null,
            "stackscript_id": null,
            "status": "running",
            "swap_size": 1024,
            "tags": [],
            "timeouts": null,
            "type": "g6-dedicated-2",
            "watchdog_enabled": true
          },
          "sensitive_attributes": [
            [
              {
                "type": "get_attr",
                "value": "disk"
              },
              {
                "type": "index",
                "value": {
                  "value": 0,
                  "type": "number"
                }
              },
              {
                "type": "get_attr",
                "value": "root_pass"
              }
            ],
            [
              {
                "type": "get_attr",
                "value": "disk"
              },
              {
                "type": "index",
                "value": {
                  "value": 0,
                  "type": "number"
                }
              },
              {
                "type": "get_attr",
                "value": "stackscript_data"
              }
            ],
            [
              {
                "type": "get_attr",
                "value": "disk"
              },
              {
                "type": "index",
                "value": {
                  "value": 1,
                  "type": "number"
                }
              },
              {
                "type": "get_attr",
                "value": "root_pass"
              }
            ],
            [
              {
                "type": "get_attr",
                "value": "disk"
              },
              {
                "type": "index",
                "value": {
                  "value": 1,
                  "type": "number"
                }
              },
              {
                "type": "get_attr",
                "value": "stackscript_data"
              }
            ],
            [
              {
                "type": "get_attr",
                "value": "root_pass"
              }
            ],
            [
              {
                "type": "get_attr",
                "value": "stackscript_data"
              }
            ]
          ],
          "identity_schema_version": 0,
          "private": "eyJlMmJmYjczMC1lY2FhLTExZTYtOGY4OC0zNDM2M2JjN2M0YzAiOnsiY3JlYXRlIjo5MDAwMDAwMDAwMDAsImRlbGV0ZSI6NjAwMDAwMDAwMDAwLCJ1cGRhdGUiOjM2MDAwMDAwMDAwMDB9fQ=="
        }
      ]
    },
    {
      "mode": "managed",
      "type": "null_resource",
      "name": "issue_cert_and_start_bunkerweb2",
      "provider": "provider[\"registry.terraform.io/hashicorp/null\"]",
      "instances": [
        {
          "schema_version": 0,
          "attributes": {
            "id": "9193275982823977342",
            "triggers": {
              "acme_email": "jodielimzhuoying@gmail.com",
              "bunker_ip": "172.104.56.172",
              "fqdn": "test3-bunker.jodie.yinpok.com"
            }
          },
          "sensitive_attributes": [],
          "identity_schema_version": 0,
          "dependencies": [
            "akamai_dns_record.bunker_A",
            "linode_instance.bunkerweb",
            "linode_instance.dvwa-linode2"
          ]
        }
      ]
    }
  ],
  "check_results": null
}
